
Microsoft Visual Studio Solution File, Format Version 12.00
# Visual Studio Version 17
VisualStudioVersion = 17.4.33205.214
MinimumVisualStudioVersion = 10.0.40219.1
Project("{FAE04EC0-301F-11D3-BF4B-00C04F79EFBC}") = "Reverse array", "Reverse array.csproj", "{A13D8491-35A2-4F50-8E07-EDFC856CC292}"
EndProject
Global
	GlobalSection(SolutionConfigurationPlatforms) = preSolution
		Debug|Any CPU = Debug|Any CPU
		Release|Any CPU = Release|Any CPU
	EndGlobalSection
	GlobalSection(ProjectConfigurationPlatforms) = postSolution
		{A13D8491-35A2-4F50-8E07-EDFC856CC292}.Debug|Any CPU.ActiveCfg = Debug|Any CPU
		{A13D8491-35A2-4F50-8E07-EDFC856CC292}.Debug|Any CPU.Build.0 = Debug|Any CPU
		{A13D8491-35A2-4F50-8E07-EDFC856CC292}.Release|Any CPU.ActiveCfg = Release|Any CPU
		{A13D8491-35A2-4F50-8E07-EDFC856CC292}.Release|Any CPU.Build.0 = Release|Any CPU
	EndGlobalSection
	GlobalSection(SolutionProperties) = preSolution
		HideSolutionNode = FALSE
	EndGlobalSection
	GlobalSection(ExtensibilityGlobals) = postSolution
		SolutionGuid = {00C3482C-1E11-497A-847F-E7F244BB7483}
	EndGlobalSection
EndGlobal
